
Microsoft Visual Studio Solution File, Format Version 12.00
# Visual Studio Version 17
VisualStudioVersion = 17.5.002.0
MinimumVisualStudioVersion = 10.0.40219.1
Project("{2150E333-8FDC-42A3-9474-1A3956D46DE8}") = "Dominating Docker", "Dominating Docker", "{21D5AC5E-95C2-43B1-8340-CF7EDFD9F127}"
EndProject
Project("{9A19103F-16F7-4668-BE54-9A1E7A4F7556}") = "app-dotnet", "Dominating Docker\app-dotnet\app-dotnet.csproj", "{92F25802-3EC5-4417-939E-E7F5E38942A9}"
EndProject
Project("{2150E333-8FDC-42A3-9474-1A3956D46DE8}") = "Advanced Docker Tips", "Advanced Docker Tips", "{8C72A6B0-CCE2-4262-9D17-13954C1432B6}"
EndProject
Project("{2150E333-8FDC-42A3-9474-1A3956D46DE8}") = "dev-store", "dev-store", "{237EC1C8-7067-4EA3-B168-9986AFC848B9}"
EndProject
Project("{2150E333-8FDC-42A3-9474-1A3956D46DE8}") = "src", "src", "{4DFE1811-B825-46C5-A5DE-168F84773324}"
EndProject
Project("{2150E333-8FDC-42A3-9474-1A3956D46DE8}") = "api-gateways", "api-gateways", "{86BB543B-D8C3-49D5-903C-1D7FC26DDF5B}"
EndProject
Project("{9A19103F-16F7-4668-BE54-9A1E7A4F7556}") = "DevStore.Bff.Checkout", "Advanced Docker Tips\dev-store\src\api-gateways\DevStore.Bff.Checkout\DevStore.Bff.Checkout.csproj", "{00752919-058D-4069-B75C-74D03FD931C5}"
EndProject
Project("{2150E333-8FDC-42A3-9474-1A3956D46DE8}") = "building-blocks", "building-blocks", "{4F7E9C47-7C76-4725-848B-089A709A7546}"
EndProject
Project("{9A19103F-16F7-4668-BE54-9A1E7A4F7556}") = "DevStore.Core", "Advanced Docker Tips\dev-store\src\building-blocks\DevStore.Core\DevStore.Core.csproj", "{196F6790-C387-43D8-8112-2F67D59EB442}"
EndProject
Project("{9A19103F-16F7-4668-BE54-9A1E7A4F7556}") = "DevStore.MessageBus", "Advanced Docker Tips\dev-store\src\building-blocks\DevStore.MessageBus\DevStore.MessageBus.csproj", "{9DD5FE16-7AEE-4AE8-9D63-7D6D6755523E}"
EndProject
Project("{9A19103F-16F7-4668-BE54-9A1E7A4F7556}") = "DevStore.WebAPI.Core", "Advanced Docker Tips\dev-store\src\building-blocks\DevStore.WebAPI.Core\DevStore.WebAPI.Core.csproj", "{644BB552-3F0E-4EDF-ABBC-56DFFB37D147}"
EndProject
Project("{2150E333-8FDC-42A3-9474-1A3956D46DE8}") = "services", "services", "{0DADA1E4-D7F3-4A16-97CF-D14041EE6CF6}"
EndProject
Project("{9A19103F-16F7-4668-BE54-9A1E7A4F7556}") = "DevStore.Billing.API", "Advanced Docker Tips\dev-store\src\services\DevStore.Billing.API\DevStore.Billing.API.csproj", "{211DAAEA-5BF4-42B6-8091-B3FC8677BF82}"
EndProject
Project("{9A19103F-16F7-4668-BE54-9A1E7A4F7556}") = "DevStore.Billing.DevsPay", "Advanced Docker Tips\dev-store\src\services\DevStore.Billing.DevsPay\DevStore.Billing.DevsPay.csproj", "{58452A2F-A2E4-43F0-8360-780A62B8766A}"
EndProject
Project("{9A19103F-16F7-4668-BE54-9A1E7A4F7556}") = "DevStore.Catalog.API", "Advanced Docker Tips\dev-store\src\services\DevStore.Catalog.API\DevStore.Catalog.API.csproj", "{9B08C81B-1ABD-4305-A81B-52E5A22374A7}"
EndProject
Project("{9A19103F-16F7-4668-BE54-9A1E7A4F7556}") = "DevStore.Customers.API", "Advanced Docker Tips\dev-store\src\services\DevStore.Customers.API\DevStore.Customers.API.csproj", "{DF800DDC-A919-4D83-9C7C-A8E9980CB677}"
EndProject
Project("{9A19103F-16F7-4668-BE54-9A1E7A4F7556}") = "DevStore.Identity.API", "Advanced Docker Tips\dev-store\src\services\DevStore.Identity.API\DevStore.Identity.API.csproj", "{7A5A8837-D30B-478D-B964-5787834A4A87}"
EndProject
Project("{9A19103F-16F7-4668-BE54-9A1E7A4F7556}") = "DevStore.Orders.API", "Advanced Docker Tips\dev-store\src\services\DevStore.Orders.API\DevStore.Orders.API.csproj", "{52C2C84E-C46F-45E0-A466-A8990E6625F6}"
EndProject
Project("{9A19103F-16F7-4668-BE54-9A1E7A4F7556}") = "DevStore.Orders.Domain", "Advanced Docker Tips\dev-store\src\services\DevStore.Orders.Domain\DevStore.Orders.Domain.csproj", "{79A17255-02A0-473D-AAC5-F04595956E03}"
EndProject
Project("{9A19103F-16F7-4668-BE54-9A1E7A4F7556}") = "DevStore.Orders.Infra", "Advanced Docker Tips\dev-store\src\services\DevStore.Orders.Infra\DevStore.Orders.Infra.csproj", "{6CEAAB62-F49C-4B73-B15C-74F26C200756}"
EndProject
Project("{9A19103F-16F7-4668-BE54-9A1E7A4F7556}") = "DevStore.ShoppingCart.API", "Advanced Docker Tips\dev-store\src\services\DevStore.ShoppingCart.API\DevStore.ShoppingCart.API.csproj", "{6CCA6EB5-DFA0-47E7-923A-26BBBD6E6B37}"
EndProject
Project("{2150E333-8FDC-42A3-9474-1A3956D46DE8}") = "web", "web", "{FB8E448B-468B-4B93-9BD7-66C543436D1E}"
EndProject
Project("{9A19103F-16F7-4668-BE54-9A1E7A4F7556}") = "DevStore.WebApp.MVC", "Advanced Docker Tips\dev-store\src\web\DevStore.WebApp.MVC\DevStore.WebApp.MVC.csproj", "{9A6194EC-B7C3-4125-B083-F1D3D5458276}"
EndProject
Project("{9A19103F-16F7-4668-BE54-9A1E7A4F7556}") = "DevStore.WebApp.Status", "Advanced Docker Tips\dev-store\src\web\DevStore.WebApp.Status\DevStore.WebApp.Status.csproj", "{684EAFF5-6035-4E68-9BE2-E08827C6A9C4}"
EndProject
Global
	GlobalSection(SolutionConfigurationPlatforms) = preSolution
		Debug|Any CPU = Debug|Any CPU
		Release|Any CPU = Release|Any CPU
	EndGlobalSection
	GlobalSection(ProjectConfigurationPlatforms) = postSolution
		{92F25802-3EC5-4417-939E-E7F5E38942A9}.Debug|Any CPU.ActiveCfg = Debug|Any CPU
		{92F25802-3EC5-4417-939E-E7F5E38942A9}.Debug|Any CPU.Build.0 = Debug|Any CPU
		{92F25802-3EC5-4417-939E-E7F5E38942A9}.Release|Any CPU.ActiveCfg = Release|Any CPU
		{92F25802-3EC5-4417-939E-E7F5E38942A9}.Release|Any CPU.Build.0 = Release|Any CPU
		{00752919-058D-4069-B75C-74D03FD931C5}.Debug|Any CPU.ActiveCfg = Debug|Any CPU
		{00752919-058D-4069-B75C-74D03FD931C5}.Debug|Any CPU.Build.0 = Debug|Any CPU
		{00752919-058D-4069-B75C-74D03FD931C5}.Release|Any CPU.ActiveCfg = Release|Any CPU
		{00752919-058D-4069-B75C-74D03FD931C5}.Release|Any CPU.Build.0 = Release|Any CPU
		{196F6790-C387-43D8-8112-2F67D59EB442}.Debug|Any CPU.ActiveCfg = Debug|Any CPU
		{196F6790-C387-43D8-8112-2F67D59EB442}.Debug|Any CPU.Build.0 = Debug|Any CPU
		{196F6790-C387-43D8-8112-2F67D59EB442}.Release|Any CPU.ActiveCfg = Release|Any CPU
		{196F6790-C387-43D8-8112-2F67D59EB442}.Release|Any CPU.Build.0 = Release|Any CPU
		{9DD5FE16-7AEE-4AE8-9D63-7D6D6755523E}.Debug|Any CPU.ActiveCfg = Debug|Any CPU
		{9DD5FE16-7AEE-4AE8-9D63-7D6D6755523E}.Debug|Any CPU.Build.0 = Debug|Any CPU
		{9DD5FE16-7AEE-4AE8-9D63-7D6D6755523E}.Release|Any CPU.ActiveCfg = Release|Any CPU
		{9DD5FE16-7AEE-4AE8-9D63-7D6D6755523E}.Release|Any CPU.Build.0 = Release|Any CPU
		{644BB552-3F0E-4EDF-ABBC-56DFFB37D147}.Debug|Any CPU.ActiveCfg = Debug|Any CPU
		{644BB552-3F0E-4EDF-ABBC-56DFFB37D147}.Debug|Any CPU.Build.0 = Debug|Any CPU
		{644BB552-3F0E-4EDF-ABBC-56DFFB37D147}.Release|Any CPU.ActiveCfg = Release|Any CPU
		{644BB552-3F0E-4EDF-ABBC-56DFFB37D147}.Release|Any CPU.Build.0 = Release|Any CPU
		{211DAAEA-5BF4-42B6-8091-B3FC8677BF82}.Debug|Any CPU.ActiveCfg = Debug|Any CPU
		{211DAAEA-5BF4-42B6-8091-B3FC8677BF82}.Debug|Any CPU.Build.0 = Debug|Any CPU
		{211DAAEA-5BF4-42B6-8091-B3FC8677BF82}.Release|Any CPU.ActiveCfg = Release|Any CPU
		{211DAAEA-5BF4-42B6-8091-B3FC8677BF82}.Release|Any CPU.Build.0 = Release|Any CPU
		{58452A2F-A2E4-43F0-8360-780A62B8766A}.Debug|Any CPU.ActiveCfg = Debug|Any CPU
		{58452A2F-A2E4-43F0-8360-780A62B8766A}.Debug|Any CPU.Build.0 = Debug|Any CPU
		{58452A2F-A2E4-43F0-8360-780A62B8766A}.Release|Any CPU.ActiveCfg = Release|Any CPU
		{58452A2F-A2E4-43F0-8360-780A62B8766A}.Release|Any CPU.Build.0 = Release|Any CPU
		{9B08C81B-1ABD-4305-A81B-52E5A22374A7}.Debug|Any CPU.ActiveCfg = Debug|Any CPU
		{9B08C81B-1ABD-4305-A81B-52E5A22374A7}.Debug|Any CPU.Build.0 = Debug|Any CPU
		{9B08C81B-1ABD-4305-A81B-52E5A22374A7}.Release|Any CPU.ActiveCfg = Release|Any CPU
		{9B08C81B-1ABD-4305-A81B-52E5A22374A7}.Release|Any CPU.Build.0 = Release|Any CPU
		{DF800DDC-A919-4D83-9C7C-A8E9980CB677}.Debug|Any CPU.ActiveCfg = Debug|Any CPU
		{DF800DDC-A919-4D83-9C7C-A8E9980CB677}.Debug|Any CPU.Build.0 = Debug|Any CPU
		{DF800DDC-A919-4D83-9C7C-A8E9980CB677}.Release|Any CPU.ActiveCfg = Release|Any CPU
		{DF800DDC-A919-4D83-9C7C-A8E9980CB677}.Release|Any CPU.Build.0 = Release|Any CPU
		{7A5A8837-D30B-478D-B964-5787834A4A87}.Debug|Any CPU.ActiveCfg = Debug|Any CPU
		{7A5A8837-D30B-478D-B964-5787834A4A87}.Debug|Any CPU.Build.0 = Debug|Any CPU
		{7A5A8837-D30B-478D-B964-5787834A4A87}.Release|Any CPU.ActiveCfg = Release|Any CPU
		{7A5A8837-D30B-478D-B964-5787834A4A87}.Release|Any CPU.Build.0 = Release|Any CPU
		{52C2C84E-C46F-45E0-A466-A8990E6625F6}.Debug|Any CPU.ActiveCfg = Debug|Any CPU
		{52C2C84E-C46F-45E0-A466-A8990E6625F6}.Debug|Any CPU.Build.0 = Debug|Any CPU
		{52C2C84E-C46F-45E0-A466-A8990E6625F6}.Release|Any CPU.ActiveCfg = Release|Any CPU
		{52C2C84E-C46F-45E0-A466-A8990E6625F6}.Release|Any CPU.Build.0 = Release|Any CPU
		{79A17255-02A0-473D-AAC5-F04595956E03}.Debug|Any CPU.ActiveCfg = Debug|Any CPU
		{79A17255-02A0-473D-AAC5-F04595956E03}.Debug|Any CPU.Build.0 = Debug|Any CPU
		{79A17255-02A0-473D-AAC5-F04595956E03}.Release|Any CPU.ActiveCfg = Release|Any CPU
		{79A17255-02A0-473D-AAC5-F04595956E03}.Release|Any CPU.Build.0 = Release|Any CPU
		{6CEAAB62-F49C-4B73-B15C-74F26C200756}.Debug|Any CPU.ActiveCfg = Debug|Any CPU
		{6CEAAB62-F49C-4B73-B15C-74F26C200756}.Debug|Any CPU.Build.0 = Debug|Any CPU
		{6CEAAB62-F49C-4B73-B15C-74F26C200756}.Release|Any CPU.ActiveCfg = Release|Any CPU
		{6CEAAB62-F49C-4B73-B15C-74F26C200756}.Release|Any CPU.Build.0 = Release|Any CPU
		{6CCA6EB5-DFA0-47E7-923A-26BBBD6E6B37}.Debug|Any CPU.ActiveCfg = Debug|Any CPU
		{6CCA6EB5-DFA0-47E7-923A-26BBBD6E6B37}.Debug|Any CPU.Build.0 = Debug|Any CPU
		{6CCA6EB5-DFA0-47E7-923A-26BBBD6E6B37}.Release|Any CPU.ActiveCfg = Release|Any CPU
		{6CCA6EB5-DFA0-47E7-923A-26BBBD6E6B37}.Release|Any CPU.Build.0 = Release|Any CPU
		{9A6194EC-B7C3-4125-B083-F1D3D5458276}.Debug|Any CPU.ActiveCfg = Debug|Any CPU
		{9A6194EC-B7C3-4125-B083-F1D3D5458276}.Debug|Any CPU.Build.0 = Debug|Any CPU
		{9A6194EC-B7C3-4125-B083-F1D3D5458276}.Release|Any CPU.ActiveCfg = Release|Any CPU
		{9A6194EC-B7C3-4125-B083-F1D3D5458276}.Release|Any CPU.Build.0 = Release|Any CPU
		{684EAFF5-6035-4E68-9BE2-E08827C6A9C4}.Debug|Any CPU.ActiveCfg = Debug|Any CPU
		{684EAFF5-6035-4E68-9BE2-E08827C6A9C4}.Debug|Any CPU.Build.0 = Debug|Any CPU
		{684EAFF5-6035-4E68-9BE2-E08827C6A9C4}.Release|Any CPU.ActiveCfg = Release|Any CPU
		{684EAFF5-6035-4E68-9BE2-E08827C6A9C4}.Release|Any CPU.Build.0 = Release|Any CPU
	EndGlobalSection
	GlobalSection(SolutionProperties) = preSolution
		HideSolutionNode = FALSE
	EndGlobalSection
	GlobalSection(NestedProjects) = preSolution
		{92F25802-3EC5-4417-939E-E7F5E38942A9} = {21D5AC5E-95C2-43B1-8340-CF7EDFD9F127}
		{237EC1C8-7067-4EA3-B168-9986AFC848B9} = {8C72A6B0-CCE2-4262-9D17-13954C1432B6}
		{4DFE1811-B825-46C5-A5DE-168F84773324} = {237EC1C8-7067-4EA3-B168-9986AFC848B9}
		{86BB543B-D8C3-49D5-903C-1D7FC26DDF5B} = {4DFE1811-B825-46C5-A5DE-168F84773324}
		{00752919-058D-4069-B75C-74D03FD931C5} = {86BB543B-D8C3-49D5-903C-1D7FC26DDF5B}
		{4F7E9C47-7C76-4725-848B-089A709A7546} = {4DFE1811-B825-46C5-A5DE-168F84773324}
		{196F6790-C387-43D8-8112-2F67D59EB442} = {4F7E9C47-7C76-4725-848B-089A709A7546}
		{9DD5FE16-7AEE-4AE8-9D63-7D6D6755523E} = {4F7E9C47-7C76-4725-848B-089A709A7546}
		{644BB552-3F0E-4EDF-ABBC-56DFFB37D147} = {4F7E9C47-7C76-4725-848B-089A709A7546}
		{0DADA1E4-D7F3-4A16-97CF-D14041EE6CF6} = {4DFE1811-B825-46C5-A5DE-168F84773324}
		{211DAAEA-5BF4-42B6-8091-B3FC8677BF82} = {0DADA1E4-D7F3-4A16-97CF-D14041EE6CF6}
		{58452A2F-A2E4-43F0-8360-780A62B8766A} = {0DADA1E4-D7F3-4A16-97CF-D14041EE6CF6}
		{9B08C81B-1ABD-4305-A81B-52E5A22374A7} = {0DADA1E4-D7F3-4A16-97CF-D14041EE6CF6}
		{DF800DDC-A919-4D83-9C7C-A8E9980CB677} = {0DADA1E4-D7F3-4A16-97CF-D14041EE6CF6}
		{7A5A8837-D30B-478D-B964-5787834A4A87} = {0DADA1E4-D7F3-4A16-97CF-D14041EE6CF6}
		{52C2C84E-C46F-45E0-A466-A8990E6625F6} = {0DADA1E4-D7F3-4A16-97CF-D14041EE6CF6}
		{79A17255-02A0-473D-AAC5-F04595956E03} = {0DADA1E4-D7F3-4A16-97CF-D14041EE6CF6}
		{6CEAAB62-F49C-4B73-B15C-74F26C200756} = {0DADA1E4-D7F3-4A16-97CF-D14041EE6CF6}
		{6CCA6EB5-DFA0-47E7-923A-26BBBD6E6B37} = {0DADA1E4-D7F3-4A16-97CF-D14041EE6CF6}
		{FB8E448B-468B-4B93-9BD7-66C543436D1E} = {4DFE1811-B825-46C5-A5DE-168F84773324}
		{9A6194EC-B7C3-4125-B083-F1D3D5458276} = {FB8E448B-468B-4B93-9BD7-66C543436D1E}
		{684EAFF5-6035-4E68-9BE2-E08827C6A9C4} = {FB8E448B-468B-4B93-9BD7-66C543436D1E}
	EndGlobalSection
	GlobalSection(ExtensibilityGlobals) = postSolution
		SolutionGuid = {468203FF-6AB3-490C-9C0E-A9A875BA974B}
	EndGlobalSection
EndGlobal
